
Microsoft Visual Studio Solution File, Format Version 12.00
# Visual Studio Version 17
VisualStudioVersion = 17.6.33829.357
MinimumVisualStudioVersion = 10.0.40219.1
Project("{FAE04EC0-301F-11D3-BF4B-00C04F79EFBC}") = "TestProject2", "TestProject2\TestProject2.csproj", "{E06187D1-FE29-4145-9542-8A12722243C3}"
EndProject
Global
	GlobalSection(SolutionConfigurationPlatforms) = preSolution
		Debug|Any CPU = Debug|Any CPU
		Release|Any CPU = Release|Any CPU
	EndGlobalSection
	GlobalSection(ProjectConfigurationPlatforms) = postSolution
		{E06187D1-FE29-4145-9542-8A12722243C3}.Debug|Any CPU.ActiveCfg = Debug|Any CPU
		{E06187D1-FE29-4145-9542-8A12722243C3}.Debug|Any CPU.Build.0 = Debug|Any CPU
		{E06187D1-FE29-4145-9542-8A12722243C3}.Release|Any CPU.ActiveCfg = Release|Any CPU
		{E06187D1-FE29-4145-9542-8A12722243C3}.Release|Any CPU.Build.0 = Release|Any CPU
	EndGlobalSection
	GlobalSection(SolutionProperties) = preSolution
		HideSolutionNode = FALSE
	EndGlobalSection
	GlobalSection(ExtensibilityGlobals) = postSolution
		SolutionGuid = {91BC7BD3-511A-4CE1-B39B-958D901F86B2}
	EndGlobalSection
EndGlobal
